
Microsoft Visual Studio Solution File, Format Version 12.00
# Visual Studio Version 16
VisualStudioVersion = 16.0.31019.35
MinimumVisualStudioVersion = 10.0.40219.1
Project("{FAE04EC0-301F-11D3-BF4B-00C04F79EFBC}") = "TakeMeOut", "TakeMeOut\TakeMeOut.csproj", "{7E3EA33B-B4F0-48C5-B6CA-3422125BF2FE}"
EndProject
Global
	GlobalSection(SolutionConfigurationPlatforms) = preSolution
		Debug|Any CPU = Debug|Any CPU
		Release|Any CPU = Release|Any CPU
	EndGlobalSection
	GlobalSection(ProjectConfigurationPlatforms) = postSolution
		{7E3EA33B-B4F0-48C5-B6CA-3422125BF2FE}.Debug|Any CPU.ActiveCfg = Debug|Any CPU
		{7E3EA33B-B4F0-48C5-B6CA-3422125BF2FE}.Debug|Any CPU.Build.0 = Debug|Any CPU
		{7E3EA33B-B4F0-48C5-B6CA-3422125BF2FE}.Release|Any CPU.ActiveCfg = Release|Any CPU
		{7E3EA33B-B4F0-48C5-B6CA-3422125BF2FE}.Release|Any CPU.Build.0 = Release|Any CPU
	EndGlobalSection
	GlobalSection(SolutionProperties) = preSolution
		HideSolutionNode = FALSE
	EndGlobalSection
	GlobalSection(ExtensibilityGlobals) = postSolution
		SolutionGuid = {E16E2D85-EED0-4886-8440-7B386E465462}
	EndGlobalSection
EndGlobal
